
Microsoft Visual Studio Solution File, Format Version 12.00
# Visual Studio Version 17
VisualStudioVersion = 17.6.33723.286
MinimumVisualStudioVersion = 10.0.40219.1
Project("{FAE04EC0-301F-11D3-BF4B-00C04F79EFBC}") = "stoapantaS3.Android", "stoapantaS3.Android\stoapantaS3.Android.csproj", "{2778CB1A-A9C7-4233-A029-E698ADED99F5}"
EndProject
Project("{FAE04EC0-301F-11D3-BF4B-00C04F79EFBC}") = "stoapantaS3.iOS", "stoapantaS3.iOS\stoapantaS3.iOS.csproj", "{903AA73C-77DF-48AE-91F5-5DE090F8158C}"
EndProject
Project("{FAE04EC0-301F-11D3-BF4B-00C04F79EFBC}") = "stoapantaS3", "stoapantaS3\stoapantaS3.csproj", "{482309A6-8CD9-469B-AF6B-471FFC86AA26}"
EndProject
Global
	GlobalSection(SolutionConfigurationPlatforms) = preSolution
		Debug|Any CPU = Debug|Any CPU
		Debug|iPhone = Debug|iPhone
		Debug|iPhoneSimulator = Debug|iPhoneSimulator
		Release|Any CPU = Release|Any CPU
		Release|iPhone = Release|iPhone
		Release|iPhoneSimulator = Release|iPhoneSimulator
	EndGlobalSection
	GlobalSection(ProjectConfigurationPlatforms) = postSolution
		{2778CB1A-A9C7-4233-A029-E698ADED99F5}.Debug|Any CPU.ActiveCfg = Debug|Any CPU
		{2778CB1A-A9C7-4233-A029-E698ADED99F5}.Debug|Any CPU.Build.0 = Debug|Any CPU
		{2778CB1A-A9C7-4233-A029-E698ADED99F5}.Debug|Any CPU.Deploy.0 = Debug|Any CPU
		{2778CB1A-A9C7-4233-A029-E698ADED99F5}.Debug|iPhone.ActiveCfg = Debug|Any CPU
		{2778CB1A-A9C7-4233-A029-E698ADED99F5}.Debug|iPhone.Build.0 = Debug|Any CPU
		{2778CB1A-A9C7-4233-A029-E698ADED99F5}.Debug|iPhone.Deploy.0 = Debug|Any CPU
		{2778CB1A-A9C7-4233-A029-E698ADED99F5}.Debug|iPhoneSimulator.ActiveCfg = Debug|Any CPU
		{2778CB1A-A9C7-4233-A029-E698ADED99F5}.Debug|iPhoneSimulator.Build.0 = Debug|Any CPU
		{2778CB1A-A9C7-4233-A029-E698ADED99F5}.Debug|iPhoneSimulator.Deploy.0 = Debug|Any CPU
		{2778CB1A-A9C7-4233-A029-E698ADED99F5}.Release|Any CPU.ActiveCfg = Release|Any CPU
		{2778CB1A-A9C7-4233-A029-E698ADED99F5}.Release|Any CPU.Build.0 = Release|Any CPU
		{2778CB1A-A9C7-4233-A029-E698ADED99F5}.Release|Any CPU.Deploy.0 = Release|Any CPU
		{2778CB1A-A9C7-4233-A029-E698ADED99F5}.Release|iPhone.ActiveCfg = Release|Any CPU
		{2778CB1A-A9C7-4233-A029-E698ADED99F5}.Release|iPhone.Build.0 = Release|Any CPU
		{2778CB1A-A9C7-4233-A029-E698ADED99F5}.Release|iPhone.Deploy.0 = Release|Any CPU
		{2778CB1A-A9C7-4233-A029-E698ADED99F5}.Release|iPhoneSimulator.ActiveCfg = Release|Any CPU
		{2778CB1A-A9C7-4233-A029-E698ADED99F5}.Release|iPhoneSimulator.Build.0 = Release|Any CPU
		{2778CB1A-A9C7-4233-A029-E698ADED99F5}.Release|iPhoneSimulator.Deploy.0 = Release|Any CPU
		{903AA73C-77DF-48AE-91F5-5DE090F8158C}.Debug|Any CPU.ActiveCfg = Debug|iPhone
		{903AA73C-77DF-48AE-91F5-5DE090F8158C}.Debug|Any CPU.Build.0 = Debug|iPhone
		{903AA73C-77DF-48AE-91F5-5DE090F8158C}.Debug|Any CPU.Deploy.0 = Debug|iPhone
		{903AA73C-77DF-48AE-91F5-5DE090F8158C}.Debug|iPhone.ActiveCfg = Debug|iPhone
		{903AA73C-77DF-48AE-91F5-5DE090F8158C}.Debug|iPhone.Build.0 = Debug|iPhone
		{903AA73C-77DF-48AE-91F5-5DE090F8158C}.Debug|iPhone.Deploy.0 = Debug|iPhone
		{903AA73C-77DF-48AE-91F5-5DE090F8158C}.Debug|iPhoneSimulator.ActiveCfg = Debug|iPhoneSimulator
		{903AA73C-77DF-48AE-91F5-5DE090F8158C}.Debug|iPhoneSimulator.Build.0 = Debug|iPhoneSimulator
		{903AA73C-77DF-48AE-91F5-5DE090F8158C}.Debug|iPhoneSimulator.Deploy.0 = Debug|iPhoneSimulator
		{903AA73C-77DF-48AE-91F5-5DE090F8158C}.Release|Any CPU.ActiveCfg = Release|iPhoneSimulator
		{903AA73C-77DF-48AE-91F5-5DE090F8158C}.Release|Any CPU.Build.0 = Release|iPhoneSimulator
		{903AA73C-77DF-48AE-91F5-5DE090F8158C}.Release|Any CPU.Deploy.0 = Release|iPhoneSimulator
		{903AA73C-77DF-48AE-91F5-5DE090F8158C}.Release|iPhone.ActiveCfg = Release|iPhone
		{903AA73C-77DF-48AE-91F5-5DE090F8158C}.Release|iPhone.Build.0 = Release|iPhone
		{903AA73C-77DF-48AE-91F5-5DE090F8158C}.Release|iPhone.Deploy.0 = Release|iPhone
		{903AA73C-77DF-48AE-91F5-5DE090F8158C}.Release|iPhoneSimulator.ActiveCfg = Release|iPhoneSimulator
		{903AA73C-77DF-48AE-91F5-5DE090F8158C}.Release|iPhoneSimulator.Build.0 = Release|iPhoneSimulator
		{903AA73C-77DF-48AE-91F5-5DE090F8158C}.Release|iPhoneSimulator.Deploy.0 = Release|iPhoneSimulator
		{482309A6-8CD9-469B-AF6B-471FFC86AA26}.Debug|Any CPU.ActiveCfg = Debug|Any CPU
		{482309A6-8CD9-469B-AF6B-471FFC86AA26}.Debug|Any CPU.Build.0 = Debug|Any CPU
		{482309A6-8CD9-469B-AF6B-471FFC86AA26}.Debug|Any CPU.Deploy.0 = Debug|Any CPU
		{482309A6-8CD9-469B-AF6B-471FFC86AA26}.Debug|iPhone.ActiveCfg = Debug|Any CPU
		{482309A6-8CD9-469B-AF6B-471FFC86AA26}.Debug|iPhone.Build.0 = Debug|Any CPU
		{482309A6-8CD9-469B-AF6B-471FFC86AA26}.Debug|iPhone.Deploy.0 = Debug|Any CPU
		{482309A6-8CD9-469B-AF6B-471FFC86AA26}.Debug|iPhoneSimulator.ActiveCfg = Debug|Any CPU
		{482309A6-8CD9-469B-AF6B-471FFC86AA26}.Debug|iPhoneSimulator.Build.0 = Debug|Any CPU
		{482309A6-8CD9-469B-AF6B-471FFC86AA26}.Debug|iPhoneSimulator.Deploy.0 = Debug|Any CPU
		{482309A6-8CD9-469B-AF6B-471FFC86AA26}.Release|Any CPU.ActiveCfg = Release|Any CPU
		{482309A6-8CD9-469B-AF6B-471FFC86AA26}.Release|Any CPU.Build.0 = Release|Any CPU
		{482309A6-8CD9-469B-AF6B-471FFC86AA26}.Release|Any CPU.Deploy.0 = Release|Any CPU
		{482309A6-8CD9-469B-AF6B-471FFC86AA26}.Release|iPhone.ActiveCfg = Release|Any CPU
		{482309A6-8CD9-469B-AF6B-471FFC86AA26}.Release|iPhone.Build.0 = Release|Any CPU
		{482309A6-8CD9-469B-AF6B-471FFC86AA26}.Release|iPhone.Deploy.0 = Release|Any CPU
		{482309A6-8CD9-469B-AF6B-471FFC86AA26}.Release|iPhoneSimulator.ActiveCfg = Release|Any CPU
		{482309A6-8CD9-469B-AF6B-471FFC86AA26}.Release|iPhoneSimulator.Build.0 = Release|Any CPU
		{482309A6-8CD9-469B-AF6B-471FFC86AA26}.Release|iPhoneSimulator.Deploy.0 = Release|Any CPU
	EndGlobalSection
	GlobalSection(SolutionProperties) = preSolution
		HideSolutionNode = FALSE
	EndGlobalSection
	GlobalSection(ExtensibilityGlobals) = postSolution
		SolutionGuid = {9AEA190B-44FA-4743-94DD-13675465C5B9}
	EndGlobalSection
EndGlobal
